
Microsoft Visual Studio Solution File, Format Version 12.00
# Visual Studio Version 17
VisualStudioVersion = 17.7.34003.232
MinimumVisualStudioVersion = 10.0.40219.1
Project("{8BC9CEB8-8B4A-11D0-8D11-00A0C91BC942}") = "Lab0_Ejemplo_Moises_Alonso", "Lab0_Ejemplo_Moises_Alonso\Lab0_Ejemplo_Moises_Alonso.vcxproj", "{F2A1810A-3389-4C5D-BC8D-917425A8C3C9}"
EndProject
Global
	GlobalSection(SolutionConfigurationPlatforms) = preSolution
		Debug|x64 = Debug|x64
		Debug|x86 = Debug|x86
		Release|x64 = Release|x64
		Release|x86 = Release|x86
	EndGlobalSection
	GlobalSection(ProjectConfigurationPlatforms) = postSolution
		{F2A1810A-3389-4C5D-BC8D-917425A8C3C9}.Debug|x64.ActiveCfg = Debug|x64
		{F2A1810A-3389-4C5D-BC8D-917425A8C3C9}.Debug|x64.Build.0 = Debug|x64
		{F2A1810A-3389-4C5D-BC8D-917425A8C3C9}.Debug|x86.ActiveCfg = Debug|Win32
		{F2A1810A-3389-4C5D-BC8D-917425A8C3C9}.Debug|x86.Build.0 = Debug|Win32
		{F2A1810A-3389-4C5D-BC8D-917425A8C3C9}.Release|x64.ActiveCfg = Release|x64
		{F2A1810A-3389-4C5D-BC8D-917425A8C3C9}.Release|x64.Build.0 = Release|x64
		{F2A1810A-3389-4C5D-BC8D-917425A8C3C9}.Release|x86.ActiveCfg = Release|Win32
		{F2A1810A-3389-4C5D-BC8D-917425A8C3C9}.Release|x86.Build.0 = Release|Win32
	EndGlobalSection
	GlobalSection(SolutionProperties) = preSolution
		HideSolutionNode = FALSE
	EndGlobalSection
	GlobalSection(ExtensibilityGlobals) = postSolution
		SolutionGuid = {BF4CCD7B-6091-4C64-9690-39EFDF7E34A8}
	EndGlobalSection
EndGlobal
